Microsoft Visual Studio Solution File, Format Version 12.00
# Visual Studio Version 17
VisualStudioVersion = 17.5.2.0
MinimumVisualStudioVersion = 10.0.40219.1
Project("{FAE04EC0-301F-11D3-BF4B-00C04F79EFBC}") = "Revisao2024", "Revisao2024.csproj", "{67A6D4A1-2AD6-17F7-A537-28E23B5B5566}"
EndProject
Global
	GlobalSection(SolutionConfigurationPlatforms) = preSolution
		Debug|Any CPU = Debug|Any CPU
		Release|Any CPU = Release|Any CPU
	EndGlobalSection
	GlobalSection(ProjectConfigurationPlatforms) = postSolution
		{67A6D4A1-2AD6-17F7-A537-28E23B5B5566}.Debug|Any CPU.ActiveCfg = Debug|Any CPU
		{67A6D4A1-2AD6-17F7-A537-28E23B5B5566}.Debug|Any CPU.Build.0 = Debug|Any CPU
		{67A6D4A1-2AD6-17F7-A537-28E23B5B5566}.Release|Any CPU.ActiveCfg = Release|Any CPU
		{67A6D4A1-2AD6-17F7-A537-28E23B5B5566}.Release|Any CPU.Build.0 = Release|Any CPU
	EndGlobalSection
	GlobalSection(SolutionProperties) = preSolution
		HideSolutionNode = FALSE
	EndGlobalSection
	GlobalSection(ExtensibilityGlobals) = postSolution
		SolutionGuid = {3408F7B4-D1A4-4F5C-A002-75FA581CBAD7}
	EndGlobalSection
EndGlobal
